
Microsoft Visual Studio Solution File, Format Version 12.00
# Visual Studio Version 16
VisualStudioVersion = 16.0.29324.140
MinimumVisualStudioVersion = 10.0.40219.1
Project("{FAE04EC0-301F-11D3-BF4B-00C04F79EFBC}") = "ExamWork", "ExamWork\ExamWork.csproj", "{F03247BB-26EF-4A88-9156-ED1E74E957F2}"
EndProject
Global
	GlobalSection(SolutionConfigurationPlatforms) = preSolution
		Debug|Any CPU = Debug|Any CPU
		Release|Any CPU = Release|Any CPU
	EndGlobalSection
	GlobalSection(ProjectConfigurationPlatforms) = postSolution
		{F03247BB-26EF-4A88-9156-ED1E74E957F2}.Debug|Any CPU.ActiveCfg = Debug|Any CPU
		{F03247BB-26EF-4A88-9156-ED1E74E957F2}.Debug|Any CPU.Build.0 = Debug|Any CPU
		{F03247BB-26EF-4A88-9156-ED1E74E957F2}.Release|Any CPU.ActiveCfg = Release|Any CPU
		{F03247BB-26EF-4A88-9156-ED1E74E957F2}.Release|Any CPU.Build.0 = Release|Any CPU
	EndGlobalSection
	GlobalSection(SolutionProperties) = preSolution
		HideSolutionNode = FALSE
	EndGlobalSection
	GlobalSection(ExtensibilityGlobals) = postSolution
		SolutionGuid = {9C651D09-64C1-41B7-996B-EFF400101518}
	EndGlobalSection
EndGlobal
